
Microsoft Visual Studio Solution File, Format Version 12.00
# Visual Studio 15
VisualStudioVersion = 15.0.27428.2037
MinimumVisualStudioVersion = 10.0.40219.1
Project("{FAE04EC0-301F-11D3-BF4B-00C04F79EFBC}") = "WeddingPlannerProject", "WeddingPlannerProject\WeddingPlannerProject.csproj", "{4EDF6798-A87D-42FE-AA43-2466ACE315AD}"
EndProject
Global
	GlobalSection(SolutionConfigurationPlatforms) = preSolution
		Debug|Any CPU = Debug|Any CPU
		Release|Any CPU = Release|Any CPU
	EndGlobalSection
	GlobalSection(ProjectConfigurationPlatforms) = postSolution
		{4EDF6798-A87D-42FE-AA43-2466ACE315AD}.Debug|Any CPU.ActiveCfg = Debug|Any CPU
		{4EDF6798-A87D-42FE-AA43-2466ACE315AD}.Debug|Any CPU.Build.0 = Debug|Any CPU
		{4EDF6798-A87D-42FE-AA43-2466ACE315AD}.Release|Any CPU.ActiveCfg = Release|Any CPU
		{4EDF6798-A87D-42FE-AA43-2466ACE315AD}.Release|Any CPU.Build.0 = Release|Any CPU
	EndGlobalSection
	GlobalSection(SolutionProperties) = preSolution
		HideSolutionNode = FALSE
	EndGlobalSection
	GlobalSection(ExtensibilityGlobals) = postSolution
		SolutionGuid = {8674BE5C-2165-48C0-9B6F-7EEF55631CB2}
	EndGlobalSection
EndGlobal
